{
	"name": "@flood/chrome",
	"version": "0.3.1",
	"lockfileVersion": 1,
	"requires": true,
	"dependencies": {
		"commonmark": {
			"version": "0.28.1",
			"resolved": "https://registry.npmjs.org/commonmark/-/commonmark-0.28.1.tgz",
			"integrity": "sha1-Buq41SM4uDn6Gi11rwCF7tGxvq4=",
			"dev": true,
			"dependencies": {
				"minimist": {
					"version": "1.2.0",
					"resolved": "https://registry.npmjs.org/minimist/-/minimist-1.2.0.tgz",
					"integrity": "sha1-o1AIsg9BOD7sH7kU9M1d95omQoQ="
				}
			}
		},
		"conventional-changelog-ember": {
			"version": "0.3.7",
			"resolved": "https://registry.npmjs.org/conventional-changelog-ember/-/conventional-changelog-ember-0.3.7.tgz",
			"integrity": "sha512-wu0Q6CO/9wll9cedpnWhQqe3z+eJz92hOZxdXyDiu7n0Sp9NC42Nvh/wCNwwWW7/FaPsVXGzbxpYylpebSC1+Q==",
			"dev": true
		},
		"front-matter": {
			"version": "2.3.0",
			"resolved": "https://registry.npmjs.org/front-matter/-/front-matter-2.3.0.tgz",
			"integrity": "sha1-cgOviWzjV+4E4qpFFp6pHtf2dQQ=",
			"dev": true
		},
		"gitbook-cli": {
			"version": "2.3.2",
			"resolved": "https://registry.npmjs.org/gitbook-cli/-/gitbook-cli-2.3.2.tgz",
			"integrity": "sha512-eyGtkY7jKHhmgpfuvgAP5fZcUob/FBz4Ld0aLRdEmiTrS1RklimN9epzPp75dd4MWpGhYvSbiwxnpyLiv1wh6A==",
			"dev": true,
			"dependencies": {
				"fs-extra": {
					"version": "3.0.1",
					"resolved": "https://registry.npmjs.org/fs-extra/-/fs-extra-3.0.1.tgz",
					"integrity": "sha1-N5TzeMWLNC6n27sjCVEJxLO2IpE="
				},
				"jsonfile": {
					"version": "3.0.1",
					"resolved": "https://registry.npmjs.org/jsonfile/-/jsonfile-3.0.1.tgz",
					"integrity": "sha1-pezG9l9T9mLEQVx2daAzHQmS7GY="
				},
				"lodash": {
					"version": "4.17.4",
					"resolved": "https://registry.npmjs.org/lodash/-/lodash-4.17.4.tgz",
					"integrity": "sha1-eCA6TRwyiuHYbcpkYONptX9AVa4="
				},
				"q": {
					"version": "1.5.0",
					"resolved": "https://registry.npmjs.org/q/-/q-1.5.0.tgz",
					"integrity": "sha1-3QG6ydBtMObyGa7LglPunr3DCPE="
				},
				"semver": {
					"version": "5.3.0",
					"resolved": "https://registry.npmjs.org/semver/-/semver-5.3.0.tgz",
					"integrity": "sha1-myzl094C0XxgEq0yaqa00M9U+U8="
				}
			}
		},
		"glob": {
			"version": "7.1.2",
			"resolved": "https://registry.npmjs.org/glob/-/glob-7.1.2.tgz",
			"integrity": "sha512-MJTUg1kjuLeQCJ+ccE4Vpa6kKVXkPYJ2mOCQyUuKLcLQsdrMCpBPUi8qVE6+YuaJkozeA9NusTAw3hLr8Xe5EQ==",
			"dev": true
		},
		"lodash.camelcase": {
			"version": "4.3.0",
			"resolved": "https://registry.npmjs.org/lodash.camelcase/-/lodash.camelcase-4.3.0.tgz",
			"integrity": "sha1-soqmKIorn8ZRA1x3EfZathkDMaY=",
			"dev": true
		},
		"markdown-table": {
			"version": "1.1.1",
			"resolved": "https://registry.npmjs.org/markdown-table/-/markdown-table-1.1.1.tgz",
			"integrity": "sha1-Sz3ToTPRUYuO8NvHCb8qG0gkvIw=",
			"dev": true
		},
		"mkdirp": {
			"version": "0.5.1",
			"resolved": "https://registry.npmjs.org/mkdirp/-/mkdirp-0.5.1.tgz",
			"integrity": "sha1-MAV0OOrGz3+MR2fzhkjWaX11yQM=",
			"dev": true,
			"dependencies": {
				"minimist": {
					"version": "0.0.8",
					"resolved": "https://registry.npmjs.org/minimist/-/minimist-0.0.8.tgz",
					"integrity": "sha1-hX/Kv8M5fSYluCKCYuhqp6ARsF0="
				}
			}
		},
		"nodemon": {
			"version": "1.17.2",
			"resolved": "https://registry.npmjs.org/nodemon/-/nodemon-1.17.2.tgz",
			"integrity": "sha512-v1fVfgaZanBHP/ZOc9V72uKKIF4dcRfZV7GISNVi/w/g5pwB7nIvOK+RGULjrzhs97cwUX41cM4+dlw+bg2igw==",
			"dev": true
		},
		"npm-release": {
			"version": "1.0.0",
			"resolved": "https://registry.npmjs.org/npm-release/-/npm-release-1.0.0.tgz",
			"integrity": "sha1-eXURvIDEPRcdG2bk2mdwUCIK8gg=",
			"dev": true
		},
		"semantic-release": {
			"version": "15.5.0",
			"resolved": "https://registry.npmjs.org/semantic-release/-/semantic-release-15.5.0.tgz",
			"integrity": "sha512-yNpFG5dNJ0G0knQbQVfqNufc0x39w/qVDnocc+hp9yykrpJPNfOoALYS+K7o9Ekxjj/M9HD11FsOUqMsLnhuzA==",
			"dev": true,
			"dependencies": {
				"ansi-regex": {
					"version": "3.0.0",
					"resolved": "https://registry.npmjs.org/ansi-regex/-/ansi-regex-3.0.0.tgz",
					"integrity": "sha1-7QMXwyIGT3lGbAKWa922Bas32Zg="
				},
				"ansi-styles": {
					"version": "2.2.1",
					"resolved": "https://registry.npmjs.org/ansi-styles/-/ansi-styles-2.2.1.tgz",
					"integrity": "sha1-tDLdM1i2NM914eRmQ2gkBTPB3b4="
				},
				"cliui": {
					"version": "4.1.0",
					"resolved": "https://registry.npmjs.org/cliui/-/cliui-4.1.0.tgz",
					"integrity": "sha512-4FG+RSG9DL7uEwRUZXZn3SS34DiDPfzP0VOiEwtUWlE+AR2EIg+hSyvrIgUUfhdgR/UkAeW2QHgeP+hWrXs7jQ==",
					"dependencies": {
						"strip-ansi": {
							"version": "4.0.0",
							"resolved": "https://registry.npmjs.org/strip-ansi/-/strip-ansi-4.0.0.tgz",
							"integrity": "sha1-qEeQIusaw2iocTibY1JixQXuNo8="
						}
					}
				},
				"cosmiconfig": {
					"version": "5.0.4",
					"resolved": "https://registry.npmjs.org/cosmiconfig/-/cosmiconfig-5.0.4.tgz",
					"integrity": "sha512-AmWciHfzwEOUI+4jeXJap/E3Apebr7FZIGBqjzkID+lnIPTMMSNN6WM4o6q4EX1u+5fgcP7G3rEzxSe0FTqtIw=="
				},
				"env-ci": {
					"version": "2.1.0",
					"resolved": "https://registry.npmjs.org/env-ci/-/env-ci-2.1.0.tgz",
					"integrity": "sha512-ekorGVu0ubSzShUdyALj9y/4GRyaupvf8yKgbUDvR8FClHpVmg36v0oYzZj2MsZh44T80PcUWzcwkhbsR+eyvw=="
				},
				"git-url-parse": {
					"version": "9.0.0",
					"resolved": "https://registry.npmjs.org/git-url-parse/-/git-url-parse-9.0.0.tgz",
					"integrity": "sha512-zks1jS4ocMA/9WUx3C0nGIj/wBQjjIuktQ4KqKTyStMdEtnnFbZ4ZVKCvNeHwKh1COk/8sZaVTyvYj3paHI9Fg=="
				},
				"marked": {
					"version": "0.4.0",
					"resolved": "https://registry.npmjs.org/marked/-/marked-0.4.0.tgz",
					"integrity": "sha512-tMsdNBgOsrUophCAFQl0XPe6Zqk/uy9gnue+jIIKhykO51hxyu6uNx7zBPy0+y/WKYVZZMspV9YeXLNdKk+iYw=="
				},
				"marked-terminal": {
					"version": "3.0.0",
					"resolved": "https://registry.npmjs.org/marked-terminal/-/marked-terminal-3.0.0.tgz",
					"integrity": "sha512-7gWHPxQlWNeqjVgW72gwxLeJBj0T/RmurVs2qHPm90f7kuu7CMcZVTmtqk1dogourkAtopZNnp2DUpTIJZKZ4w==",
					"dependencies": {
						"chalk": {
							"version": "1.1.3",
							"resolved": "https://registry.npmjs.org/chalk/-/chalk-1.1.3.tgz",
							"integrity": "sha1-qBFcVeSnAv5NFQq9OHKCKn4J/Jg="
						}
					}
				},
				"supports-color": {
					"version": "2.0.0",
					"resolved": "https://registry.npmjs.org/supports-color/-/supports-color-2.0.0.tgz",
					"integrity": "sha1-U10EXOa2Nj+kARcIRimZXp3zJMc="
				},
				"yargs": {
					"version": "11.0.0",
					"resolved": "https://registry.npmjs.org/yargs/-/yargs-11.0.0.tgz",
					"integrity": "sha512-Rjp+lMYQOWtgqojx1dEWorjCofi1YN7AoFvYV7b1gx/7dAAeuI4kN5SZiEvr0ZmsZTOpDRcCqrpI10L31tFkBw=="
				}
			}
		},
		"ts-node": {
			"version": "4.1.0",
			"resolved": "https://registry.npmjs.org/ts-node/-/ts-node-4.1.0.tgz",
			"integrity": "sha512-xcZH12oVg9PShKhy3UHyDmuDLV3y7iKwX25aMVPt1SIXSuAfWkFiGPEkg+th8R4YKW/QCxDoW7lJdb15lx6QWg==",
			"dev": true,
			"dependencies": {
				"minimist": {
					"version": "1.2.0",
					"resolved": "https://registry.npmjs.org/minimist/-/minimist-1.2.0.tgz",
					"integrity": "sha1-o1AIsg9BOD7sH7kU9M1d95omQoQ="
				}
			}
		},
		"typedoc": {
			"version": "0.10.0",
			"resolved": "https://registry.npmjs.org/typedoc/-/typedoc-0.10.0.tgz",
			"integrity": "sha512-+lnM/ZAv+JHfeEpGcdoE++1nsHFmfexg64gCUsQEyxzfmGJrJ2gXcaKv0dZVrxckdr9m9S6ty+OAT0Z8NICkLg==",
			"dev": true,
			"dependencies": {
				"typescript": {
					"version": "2.7.1",
					"resolved": "https://registry.npmjs.org/typescript/-/typescript-2.7.1.tgz",
					"integrity": "sha512-bqB1yS6o9TNA9ZC/MJxM0FZzPnZdtHj0xWK/IZ5khzVqdpGul/R/EIiHRgFXlwTD7PSIaYVnGKq1QgMCu2mnqw=="
				}
			}
		},
		"typescript": {
			"version": "2.7.2",
			"resolved": "https://registry.npmjs.org/typescript/-/typescript-2.7.2.tgz",
			"integrity": "sha512-p5TCYZDAO0m4G344hD+wx/LATebLWZNkkh2asWUFqSsD2OrDNhbAHuSjobrmsUmdzjJjEeZVU9g1h3O6vpstnw=="
		}
	}
}
